
Microsoft Visual Studio Solution File, Format Version 12.00
# Visual Studio Version 17
VisualStudioVersion = 17.11.35312.102
MinimumVisualStudioVersion = 10.0.40219.1
Project("{FAE04EC0-301F-11D3-BF4B-00C04F79EFBC}") = "Homework calculator", "Homework calculator\Homework calculator.csproj", "{218022DA-3C10-4586-AEA6-4C6E34676E98}"
EndProject
Global
	GlobalSection(SolutionConfigurationPlatforms) = preSolution
		Debug|Any CPU = Debug|Any CPU
		Release|Any CPU = Release|Any CPU
	EndGlobalSection
	GlobalSection(ProjectConfigurationPlatforms) = postSolution
		{218022DA-3C10-4586-AEA6-4C6E34676E98}.Debug|Any CPU.ActiveCfg = Debug|Any CPU
		{218022DA-3C10-4586-AEA6-4C6E34676E98}.Debug|Any CPU.Build.0 = Debug|Any CPU
		{218022DA-3C10-4586-AEA6-4C6E34676E98}.Release|Any CPU.ActiveCfg = Release|Any CPU
		{218022DA-3C10-4586-AEA6-4C6E34676E98}.Release|Any CPU.Build.0 = Release|Any CPU
	EndGlobalSection
	GlobalSection(SolutionProperties) = preSolution
		HideSolutionNode = FALSE
	EndGlobalSection
	GlobalSection(ExtensibilityGlobals) = postSolution
		SolutionGuid = {F3BC2FF1-6ACC-4691-ABAA-D3C22AF0C364}
	EndGlobalSection
EndGlobal
